<?xml version="1.0" encoding="utf-8"?>
<Project ToolsVersion="4.0" xmlns="http://schemas.microsoft.com/developer/msbuild/2003">
  <ItemGroup>
    <Filter Include="Defualt">
      <UniqueIdentifier>{e7156619-cad2-4907-b502-1d1c22817347}</UniqueIdentifier>
    </Filter>
    <Filter Include="Defualt\00.Win32Frame">
      <UniqueIdentifier>{5c7bab4b-2b9f-4139-aaf5-876563fb76d6}</UniqueIdentifier>
    </Filter>
    <Filter Include="Defualt\01.Resource">
      <UniqueIdentifier>{cc18a8c6-5aae-41d9-9dd0-d61f309badcd}</UniqueIdentifier>
    </Filter>
    <Filter Include="Defualt\02.Etc">
      <UniqueIdentifier>{52d18270-3c81-43e1-b808-48e60e8ac357}</UniqueIdentifier>
    </Filter>
    <Filter Include="00.MainApp">
      <UniqueIdentifier>{0ccab6bc-d019-4f6a-bc24-2e51ddbb49c5}</UniqueIdentifier>
    </Filter>
    <Filter Include="01.GameObject">
      <UniqueIdentifier>{c8084e21-6e42-4756-bc55-0f79fcd51637}</UniqueIdentifier>
    </Filter>
    <Filter Include="02.Scene">
      <UniqueIdentifier>{9a2c5b51-8549-45fb-806c-ff4b44a6a156}</UniqueIdentifier>
    </Filter>
    <Filter Include="03.Manager">
      <UniqueIdentifier>{fd19786c-916a-4a67-94d9-8b6441c018ab}</UniqueIdentifier>
    </Filter>
    <Filter Include="99.Define">
      <UniqueIdentifier>{1ee0750c-8ecd-4398-bb1b-0d397435881c}</UniqueIdentifier>
    </Filter>
    <Filter Include="02.Scene\00.Scene_Loby">
      <UniqueIdentifier>{7b131272-88f9-4afd-bdd2-382caad94551}</UniqueIdentifier>
    </Filter>
    <Filter Include="02.Scene\01.Scene_Loading">
      <UniqueIdentifier>{6ad055e1-8e5f-4a43-91a9-26ce892987d1}</UniqueIdentifier>
    </Filter>
    <Filter Include="01.GameObject\01.Camera">
      <UniqueIdentifier>{d09064ee-34a7-42b6-b363-e8d2bf134f17}</UniqueIdentifier>
    </Filter>
    <Filter Include="01.GameObject\02.GroundObject">
      <UniqueIdentifier>{4234320f-adb5-41c4-a71e-d2160e5f2c5d}</UniqueIdentifier>
    </Filter>
    <Filter Include="01.GameObject\04.NPC">
      <UniqueIdentifier>{b5844b96-6a34-4bae-8369-2bc7f90fceea}</UniqueIdentifier>
    </Filter>
    <Filter Include="01.GameObject\00.Player">
      <UniqueIdentifier>{fe57c843-b3ec-44e6-94f4-b3ddf1c4e08d}</UniqueIdentifier>
    </Filter>
    <Filter Include="01.GameObject\97.Effect">
      <UniqueIdentifier>{83f6410d-f1b9-4c63-8879-97974cc0472b}</UniqueIdentifier>
    </Filter>
    <Filter Include="01.GameObject\98.Particle">
      <UniqueIdentifier>{cfe067af-132a-4c87-8f94-4ef11e40a36a}</UniqueIdentifier>
    </Filter>
    <Filter Include="01.GameObject\99.UI">
      <UniqueIdentifier>{a01e9795-e673-41db-821f-03fe4d08e81c}</UniqueIdentifier>
    </Filter>
    <Filter Include="02.Scene\03.Scene_Gameplay">
      <UniqueIdentifier>{6c098263-0780-437e-aab4-7b46404ad0c3}</UniqueIdentifier>
    </Filter>
    <Filter Include="02.Scene\03.Scene_Gameplay\Scene_Stage1">
      <UniqueIdentifier>{35e6df60-beb8-4ad4-9ce1-66b4579a3c8f}</UniqueIdentifier>
    </Filter>
    <Filter Include="02.Scene\03.Scene_Gameplay\Scene_Stage2">
      <UniqueIdentifier>{8fb49357-b233-4b49-b7fe-bb5283fd5dbd}</UniqueIdentifier>
    </Filter>
    <Filter Include="02.Scene\03.Scene_Gameplay\Scene_Stage3">
      <UniqueIdentifier>{47af3df8-c050-4cb8-a98f-61ab8b1e0757}</UniqueIdentifier>
    </Filter>
    <Filter Include="02.Scene\02.Scene_StageSelect">
      <UniqueIdentifier>{145c5e13-96c0-44f7-9b0c-4e9a3c0d8ed2}</UniqueIdentifier>
    </Filter>
    <Filter Include="03.Manager\00.ImguiMgr">
      <UniqueIdentifier>{29328987-fc74-40a6-9e9f-099c4bed12c8}</UniqueIdentifier>
    </Filter>
    <Filter Include="03.Manager\99.ImguiDefault">
      <UniqueIdentifier>{dc128ed1-cc82-46aa-a7d4-ec3d27efce43}</UniqueIdentifier>
    </Filter>
    <Filter Include="02.Scene\99.Scene_Edit">
      <UniqueIdentifier>{38668a60-0c72-420e-9bbd-b332b2a4426b}</UniqueIdentifier>
    </Filter>
    <Filter Include="01.GameObject\99.UI\UIImage">
      <UniqueIdentifier>{86e20955-8df1-4f29-bc7a-8841aae72fcc}</UniqueIdentifier>
    </Filter>
    <Filter Include="01.GameObject\99.UI\UIButton">
      <UniqueIdentifier>{27217be2-3a62-4dfe-9d37-e8a07906ea8d}</UniqueIdentifier>
    </Filter>
    <Filter Include="01.GameObject\99.UI\UISlider">
      <UniqueIdentifier>{af313332-d63b-4706-ac1b-148df2cbaf53}</UniqueIdentifier>
    </Filter>
    <Filter Include="01.GameObject\99.UI\UIInput">
      <UniqueIdentifier>{6f0f54a0-1870-4676-95b1-5d18a12d7b52}</UniqueIdentifier>
    </Filter>
    <Filter Include="01.GameObject\96.EditorSceneObj">
      <UniqueIdentifier>{c3ceadde-0691-4d80-a5ad-a360b85926bc}</UniqueIdentifier>
    </Filter>
    <Filter Include="01.GameObject\05.SkyBox">
      <UniqueIdentifier>{afbbcadd-d319-4671-aca0-e4bf4302f8e2}</UniqueIdentifier>
    </Filter>
    <Filter Include="01.GameObject\06.Terrain">
      <UniqueIdentifier>{7abde202-f39a-4ddb-9e8e-c76b98577665}</UniqueIdentifier>
    </Filter>
    <Filter Include="04.Shader">
      <UniqueIdentifier>{30453a1d-d790-418b-a46d-3d663ffac8a3}</UniqueIdentifier>
    </Filter>
    <Filter Include="03.Manager\01.UtilityMgr">
      <UniqueIdentifier>{120981d5-1b2d-4a4a-840f-d02015318e2b}</UniqueIdentifier>
    </Filter>
    <Filter Include="01.GameObject\07.MapObject">
      <UniqueIdentifier>{9a679908-50c9-4d4c-9537-ee69ebb04892}</UniqueIdentifier>
    </Filter>
    <Filter Include="01.GameObject\08.Weapon">
      <UniqueIdentifier>{3767e3e5-3a4a-4961-b429-fe8584ce414d}</UniqueIdentifier>
    </Filter>
    <Filter Include="01.GameObject\03.Monster">
      <UniqueIdentifier>{82b6eeb9-b6bd-402b-aee4-71e95a28309b}</UniqueIdentifier>
    </Filter>
    <Filter Include="01.GameObject\07.MapObject\01.DynamicObj">
      <UniqueIdentifier>{393e3242-c77b-435b-a2c7-9dfe77ca8bfb}</UniqueIdentifier>
    </Filter>
    <Filter Include="01.GameObject\07.MapObject\00.StaticObj">
      <UniqueIdentifier>{7c22a4d8-9aaa-4e97-9dc8-58b7fcbdebf4}</UniqueIdentifier>
    </Filter>
    <Filter Include="01.GameObject\07.MapObject\01.DynamicObj\01.JumpPad">
      <UniqueIdentifier>{4341ef3b-462b-4533-a37d-fa13811e7622}</UniqueIdentifier>
    </Filter>
    <Filter Include="01.GameObject\07.MapObject\01.DynamicObj\02.SteamPad">
      <UniqueIdentifier>{5efe88b8-0146-40ed-8cf7-c720fb15f356}</UniqueIdentifier>
    </Filter>
    <Filter Include="01.GameObject\07.MapObject\01.DynamicObj\03.SlidePad">
      <UniqueIdentifier>{d43b69a1-0897-4939-9de1-8ee47735568b}</UniqueIdentifier>
    </Filter>
    <Filter Include="01.GameObject\07.MapObject\01.DynamicObj\04.HiddenPad">
      <UniqueIdentifier>{f8f715e7-4484-4ef6-b6a8-793e33c2faf1}</UniqueIdentifier>
    </Filter>
    <Filter Include="01.GameObject\07.MapObject\01.DynamicObj\05.BreakableObj">
      <UniqueIdentifier>{f7293ca7-8432-4f5f-b1ac-48b08f280145}</UniqueIdentifier>
    </Filter>
    <Filter Include="01.GameObject\07.MapObject\01.DynamicObj\06.TeethObj">
      <UniqueIdentifier>{14ba35e0-fb15-4b7c-9e23-96ca9e948220}</UniqueIdentifier>
    </Filter>
    <Filter Include="01.GameObject\07.MapObject\01.DynamicObj\07.RoseObj">
      <UniqueIdentifier>{6b741f97-83ef-4237-8abe-22c7bbfc5990}</UniqueIdentifier>
    </Filter>
    <Filter Include="01.GameObject\03.Monster\01.Grunt">
      <UniqueIdentifier>{abe75de4-877b-40b6-91eb-f6c0a3fd2224}</UniqueIdentifier>
    </Filter>
    <Filter Include="01.GameObject\03.Monster\02.WaspArrow">
      <UniqueIdentifier>{2d9be4a8-f3c2-4e0b-9e76-75679b6ec23e}</UniqueIdentifier>
    </Filter>
    <Filter Include="01.GameObject\03.Monster\03.WaspInk">
      <UniqueIdentifier>{74118a03-da46-4ebd-a1ab-11a30b11aad9}</UniqueIdentifier>
    </Filter>
    <Filter Include="01.GameObject\03.Monster\04.Eyepot">
      <UniqueIdentifier>{065dfdea-71df-4379-af5d-cbf584f16f50}</UniqueIdentifier>
    </Filter>
    <Filter Include="01.GameObject\03.Monster\05.Executor">
      <UniqueIdentifier>{c5ca52bd-a43c-4ede-9e7b-27e1b21645d3}</UniqueIdentifier>
    </Filter>
    <Filter Include="01.GameObject\08.Weapon\01.Knife">
      <UniqueIdentifier>{c0c4d1ed-5cfd-4542-ab4e-aae5f5e1ccb6}</UniqueIdentifier>
    </Filter>
    <Filter Include="01.GameObject\08.Weapon\02.ClockBomb">
      <UniqueIdentifier>{57d5bc02-4b25-40eb-915f-914e49505361}</UniqueIdentifier>
    </Filter>
    <Filter Include="01.GameObject\08.Weapon\03.PepperGrinder">
      <UniqueIdentifier>{1c5d1601-0222-4958-9b0c-4f3522b0909f}</UniqueIdentifier>
    </Filter>
    <Filter Include="01.GameObject\08.Weapon\06.Umbrella">
      <UniqueIdentifier>{49d925c7-929f-43e1-aa76-867fc1297479}</UniqueIdentifier>
    </Filter>
    <Filter Include="01.GameObject\08.Weapon\04.Teapot">
      <UniqueIdentifier>{4ed92d57-7cdd-4539-8da9-ec50406f738e}</UniqueIdentifier>
    </Filter>
    <Filter Include="01.GameObject\08.Weapon\99.Bullet">
      <UniqueIdentifier>{248bdb4a-1299-401c-adae-6958d65e1266}</UniqueIdentifier>
    </Filter>
    <Filter Include="01.GameObject\08.Weapon\99.Bullet\NormalBullet">
      <UniqueIdentifier>{3177b79f-00f0-427f-9479-b4eabae2eed2}</UniqueIdentifier>
    </Filter>
    <Filter Include="01.GameObject\08.Weapon\99.Bullet\GrenadeBullet">
      <UniqueIdentifier>{3680e6bd-38bc-4566-8cbb-ead603f94126}</UniqueIdentifier>
    </Filter>
    <Filter Include="01.GameObject\99.UI\UsedUI">
      <UniqueIdentifier>{63ce8578-d558-42ac-b0e6-d8aa14b42798}</UniqueIdentifier>
    </Filter>
    <Filter Include="01.GameObject\99.UI\UsedUI\LoadingUI">
      <UniqueIdentifier>{9dbff93d-1319-4cc0-8aaa-b3d009109591}</UniqueIdentifier>
    </Filter>
    <Filter Include="01.GameObject\99.UI\UsedUI\GamePlayUI">
      <UniqueIdentifier>{dd5bb2f8-fc13-4571-9bb8-3255bccc9ae4}</UniqueIdentifier>
    </Filter>
    <Filter Include="01.GameObject\00.Player\EffectMesh">
      <UniqueIdentifier>{7cac079b-276d-468f-bf1a-06f2f901bfdb}</UniqueIdentifier>
    </Filter>
    <Filter Include="02.Scene\00.Scene_Loby\LobyAlice">
      <UniqueIdentifier>{48a5d59c-ff13-4b56-a546-a919d68aade2}</UniqueIdentifier>
    </Filter>
    <Filter Include="01.GameObject\99.UI\UsedUI\LobyUI">
      <UniqueIdentifier>{cb881261-62d6-49a3-93fc-21af958417ce}</UniqueIdentifier>
    </Filter>
    <Filter Include="01.GameObject\08.Weapon\05.Horse">
      <UniqueIdentifier>{694ccd0e-563a-44b5-9639-89a8b09e0e58}</UniqueIdentifier>
    </Filter>
    <Filter Include="01.GameObject\03.Monster\99.MonsterWeapon">
      <UniqueIdentifier>{f2beecbe-3a49-4c4c-a05a-a83fd3f5a37a}</UniqueIdentifier>
    </Filter>
    <Filter Include="01.GameObject\03.Monster\06.DollMaker">
      <UniqueIdentifier>{e1a2fc06-ee7e-4f49-8ab3-dc8e3fd75ff6}</UniqueIdentifier>
    </Filter>
    <Filter Include="02.Scene\03.Scene_Gameplay\Scene_Boss">
      <UniqueIdentifier>{9c3f6788-5264-4916-bfa9-e72a81ed94dc}</UniqueIdentifier>
    </Filter>
    <Filter Include="01.GameObject\03.Monster\06.DollMaker\06.Handy">
      <UniqueIdentifier>{c2e5afb3-f0c3-423d-9016-d2a496ecff8d}</UniqueIdentifier>
    </Filter>
    <Filter Include="01.GameObject\07.MapObject\01.DynamicObj\08.EscalatorPad">
      <UniqueIdentifier>{d2c8da81-5be3-4f43-b88e-bd82742a4042}</UniqueIdentifier>
    </Filter>
    <Filter Include="01.GameObject\07.MapObject\01.DynamicObj\09.ButtonPad">
      <UniqueIdentifier>{11d0b988-ce21-4803-bddb-8d920e899fd4}</UniqueIdentifier>
    </Filter>
    <Filter Include="01.GameObject\07.MapObject\01.DynamicObj\10.ShrinkFlower">
      <UniqueIdentifier>{dcddca16-7015-42ab-8204-66f085e6002c}</UniqueIdentifier>
    </Filter>
    <Filter Include="01.GameObject\07.MapObject\01.DynamicObj\11.PresserObj">
      <UniqueIdentifier>{c3b95fa9-60c1-4239-a4b3-3bb6f2ebcff3}</UniqueIdentifier>
    </Filter>
    <Filter Include="01.GameObject\07.MapObject\01.DynamicObj\12.ShapeMemoryPad">
      <UniqueIdentifier>{fc97afe5-8fff-4f2a-a13f-8c1a995ca00e}</UniqueIdentifier>
    </Filter>
    <Filter Include="01.GameObject\07.MapObject\01.DynamicObj\13.Vent">
      <UniqueIdentifier>{9b3ed2cf-8f7c-4a9d-ae38-4656b1976c12}</UniqueIdentifier>
    </Filter>
    <Filter Include="01.GameObject\07.MapObject\01.DynamicObj\14.MovableColum">
      <UniqueIdentifier>{a9e95b47-37f4-426d-a423-d98718a522a4}</UniqueIdentifier>
    </Filter>
    <Filter Include="01.GameObject\07.MapObject\01.DynamicObj\15.MovableBtn">
      <UniqueIdentifier>{aa546b08-9a46-46a7-a1e1-f60f0a33957c}</UniqueIdentifier>
    </Filter>
    <Filter Include="01.GameObject\97.Effect\ScreenEffect">
      <UniqueIdentifier>{4ff44d19-e4a5-4190-b19d-7de6baafc6a8}</UniqueIdentifier>
    </Filter>
    <Filter Include="01.GameObject\97.Effect\ScreenEffect\Fade">
      <UniqueIdentifier>{43990743-4ae5-4dfc-9ba1-becd09b9b4dc}</UniqueIdentifier>
    </Filter>
    <Filter Include="01.GameObject\09.TriggerCollider">
      <UniqueIdentifier>{8d1e2294-d614-491d-8e15-1ec2d8c85903}</UniqueIdentifier>
    </Filter>
    <Filter Include="01.GameObject\09.TriggerCollider\00.SceneChageTriger">
      <UniqueIdentifier>{5098aa03-943b-4757-9ef4-b37a2ae6dad8}</UniqueIdentifier>
    </Filter>
    <Filter Include="01.GameObject\09.TriggerCollider\01.Stage1_SpwanGrunt">
      <UniqueIdentifier>{0d2c1f27-04a2-47c2-be8c-45aae7aeddc6}</UniqueIdentifier>
    </Filter>
    <Filter Include="01.GameObject\09.TriggerCollider\02.Stage1_SpwanWasp">
      <UniqueIdentifier>{93d8e8af-1b29-4cc7-a339-f4164628037f}</UniqueIdentifier>
    </Filter>
    <Filter Include="01.GameObject\03.Monster\99.MonsterWeapon\05.Executor">
      <UniqueIdentifier>{62070e70-1213-4bfc-8a63-e5cb404c6594}</UniqueIdentifier>
    </Filter>
    <Filter Include="01.GameObject\03.Monster\99.MonsterWeapon\05.Executor\00.Executor_Scythe">
      <UniqueIdentifier>{8e729811-8869-4f28-8b41-599572726eb3}</UniqueIdentifier>
    </Filter>
    <Filter Include="01.GameObject\03.Monster\99.MonsterWeapon\05.Executor\01.CardPiece">
      <UniqueIdentifier>{992b6ba4-2866-4974-841f-1883f78888e9}</UniqueIdentifier>
    </Filter>
    <Filter Include="01.GameObject\03.Monster\99.MonsterWeapon\05.Executor\02.BreakedGazbo">
      <UniqueIdentifier>{b0349982-05ac-4d74-9f86-c9e704ff1705}</UniqueIdentifier>
    </Filter>
    <Filter Include="01.GameObject\03.Monster\99.MonsterWeapon\05.Executor\03.Thron">
      <UniqueIdentifier>{031357ca-171f-4198-bfa0-ba7a0bde2497}</UniqueIdentifier>
    </Filter>
    <Filter Include="01.GameObject\03.Monster\99.MonsterWeapon\06.DustWind">
      <UniqueIdentifier>{dfe4642d-4dc2-4be3-a10b-567310f207d0}</UniqueIdentifier>
    </Filter>
    <Filter Include="01.GameObject\03.Monster\99.MonsterWeapon\01.Grunt">
      <UniqueIdentifier>{c01e823d-8adb-440e-a3ed-cc173db4c0de}</UniqueIdentifier>
    </Filter>
    <Filter Include="01.GameObject\03.Monster\99.MonsterWeapon\01.Grunt\01.ChainExplosion">
      <UniqueIdentifier>{7f563d40-a625-4ce8-9f26-d28da6b335e4}</UniqueIdentifier>
    </Filter>
    <Filter Include="01.GameObject\03.Monster\99.MonsterWeapon\01.Grunt\00.ThrowOilBullet">
      <UniqueIdentifier>{8ad9a18f-40eb-48a0-84a3-8d9c7df7697c}</UniqueIdentifier>
    </Filter>
    <Filter Include="01.GameObject\09.TriggerCollider\04.Stage3_SpwanExecutor">
      <UniqueIdentifier>{a59ec47e-1508-4978-a0fe-04924e8ce9a6}</UniqueIdentifier>
    </Filter>
    <Filter Include="01.GameObject\09.TriggerCollider\03.Stage2_SpwanEyePot">
      <UniqueIdentifier>{2fc6aac2-244f-44c4-a1b1-1e4e186bc5fa}</UniqueIdentifier>
    </Filter>
    <Filter Include="01.GameObject\98.Particle\99.Instance_Particle">
      <UniqueIdentifier>{7fe48969-1984-4132-9366-eee67ed4c2ec}</UniqueIdentifier>
    </Filter>
    <Filter Include="01.GameObject\08.Weapon\98.Etc">
      <UniqueIdentifier>{1d04f928-9de4-4e8e-af24-aff32e9ea5f1}</UniqueIdentifier>
    </Filter>
    <Filter Include="01.GameObject\09.TriggerCollider\05.Stage3_GientTrigger">
      <UniqueIdentifier>{fdea0471-87b0-49da-8fcd-b6c0b6f14a6d}</UniqueIdentifier>
    </Filter>
    <Filter Include="01.GameObject\07.MapObject\01.DynamicObj\16.BreakalbeWall">
      <UniqueIdentifier>{5b98aede-182c-476c-96b3-0cf38bbfd438}</UniqueIdentifier>
    </Filter>
    <Filter Include="01.GameObject\97.Effect\ScreenEffect\illusion">
      <UniqueIdentifier>{961415da-6561-485f-b965-37ab2ef5eeba}</UniqueIdentifier>
    </Filter>
    <Filter Include="01.GameObject\97.Effect\ScreenEffect\Blur">
      <UniqueIdentifier>{0b76adc6-ece2-45cc-aaa4-ec97434171f8}</UniqueIdentifier>
    </Filter>
  </ItemGroup>
  <ItemGroup>
    <ClInclude Include="Client.h">
      <Filter>Defualt\00.Win32Frame</Filter>
    </ClInclude>
    <ClInclude Include="Resource.h">
      <Filter>Defualt\01.Resource</Filter>
    </ClInclude>
    <ClInclude Include="stdafx.h">
      <Filter>Defualt\02.Etc</Filter>
    </ClInclude>
    <ClInclude Include="targetver.h">
      <Filter>Defualt\02.Etc</Filter>
    </ClInclude>
    <ClInclude Include="..\public\Client_Define.h">
      <Filter>99.Define</Filter>
    </ClInclude>
    <ClInclude Include="..\public\Client_Enum.h">
      <Filter>99.Define</Filter>
    </ClInclude>
    <ClInclude Include="..\public\Client_Struct.h">
      <Filter>99.Define</Filter>
    </ClInclude>
    <ClInclude Include="..\public\Loader.h">
      <Filter>02.Scene</Filter>
    </ClInclude>
    <ClInclude Include="..\public\Camera_Main.h">
      <Filter>01.GameObject\01.Camera</Filter>
    </ClInclude>
    <ClInclude Include="..\public\Scene_Loading.h">
      <Filter>02.Scene\01.Scene_Loading</Filter>
    </ClInclude>
    <ClInclude Include="..\public\Scene_Loby.h">
      <Filter>02.Scene\00.Scene_Loby</Filter>
    </ClInclude>
    <ClInclude Include="..\public\Scene_StageSelect.h">
      <Filter>02.Scene\02.Scene_StageSelect</Filter>
    </ClInclude>
    <ClInclude Include="..\public\MainApp.h">
      <Filter>00.MainApp</Filter>
    </ClInclude>
    <ClInclude Include="..\public\ImguiMgr.h">
      <Filter>03.Manager\00.ImguiMgr</Filter>
    </ClInclude>
    <ClInclude Include="..\..\Reference\Inc\imconfig.h">
      <Filter>03.Manager\99.ImguiDefault</Filter>
    </ClInclude>
    <ClInclude Include="..\..\Reference\Inc\imgui.h">
      <Filter>03.Manager\99.ImguiDefault</Filter>
    </ClInclude>
    <ClInclude Include="..\..\Reference\Inc\imgui_impl_dx11.h">
      <Filter>03.Manager\99.ImguiDefault</Filter>
    </ClInclude>
    <ClInclude Include="..\..\Reference\Inc\imgui_impl_win32.h">
      <Filter>03.Manager\99.ImguiDefault</Filter>
    </ClInclude>
    <ClInclude Include="..\..\Reference\Inc\imgui_internal.h">
      <Filter>03.Manager\99.ImguiDefault</Filter>
    </ClInclude>
    <ClInclude Include="..\..\Reference\Inc\imstb_rectpack.h">
      <Filter>03.Manager\99.ImguiDefault</Filter>
    </ClInclude>
    <ClInclude Include="..\..\Reference\Inc\imstb_textedit.h">
      <Filter>03.Manager\99.ImguiDefault</Filter>
    </ClInclude>
    <ClInclude Include="..\..\Reference\Inc\imstb_truetype.h">
      <Filter>03.Manager\99.ImguiDefault</Filter>
    </ClInclude>
    <ClInclude Include="..\public\Scene_Edit.h">
      <Filter>02.Scene\99.Scene_Edit</Filter>
    </ClInclude>
    <ClInclude Include="..\public\Player.h">
      <Filter>01.GameObject\00.Player</Filter>
    </ClInclude>
    <ClInclude Include="..\public\UI.h">
      <Filter>01.GameObject\99.UI</Filter>
    </ClInclude>
    <ClInclude Include="..\public\UIImage.h">
      <Filter>01.GameObject\99.UI\UIImage</Filter>
    </ClInclude>
    <ClInclude Include="..\public\ESCursor.h">
      <Filter>01.GameObject\96.EditorSceneObj</Filter>
    </ClInclude>
    <ClInclude Include="..\bin\ShaderFiles\Shader_Define.hpp">
      <Filter>04.Shader</Filter>
    </ClInclude>
    <ClInclude Include="..\public\SkyBox.h">
      <Filter>01.GameObject\05.SkyBox</Filter>
    </ClInclude>
    <ClInclude Include="..\public\Camera_Editor.h">
      <Filter>01.GameObject\01.Camera</Filter>
    </ClInclude>
    <ClInclude Include="..\public\Terrain.h">
      <Filter>01.GameObject\06.Terrain</Filter>
    </ClInclude>
    <ClInclude Include="..\public\Client_Macro.h">
      <Filter>99.Define</Filter>
    </ClInclude>
    <ClInclude Include="..\public\UtilityMgr.h">
      <Filter>03.Manager\01.UtilityMgr</Filter>
    </ClInclude>
    <ClInclude Include="..\public\MapObject.h">
      <Filter>01.GameObject\07.MapObject</Filter>
    </ClInclude>
    <ClInclude Include="..\public\Weapon.h">
      <Filter>01.GameObject\08.Weapon</Filter>
    </ClInclude>
    <ClInclude Include="..\public\Monster.h">
      <Filter>01.GameObject\03.Monster</Filter>
    </ClInclude>
    <ClInclude Include="..\public\Npc.h">
      <Filter>01.GameObject\04.NPC</Filter>
    </ClInclude>
    <ClInclude Include="..\public\JumpPad.h">
      <Filter>01.GameObject\07.MapObject\01.DynamicObj\01.JumpPad</Filter>
    </ClInclude>
    <ClInclude Include="..\public\SteamPad.h">
      <Filter>01.GameObject\07.MapObject\01.DynamicObj\02.SteamPad</Filter>
    </ClInclude>
    <ClInclude Include="..\public\HiddenPad.h">
      <Filter>01.GameObject\07.MapObject\01.DynamicObj\04.HiddenPad</Filter>
    </ClInclude>
    <ClInclude Include="..\public\TeethObj.h">
      <Filter>01.GameObject\07.MapObject\01.DynamicObj\06.TeethObj</Filter>
    </ClInclude>
    <ClInclude Include="..\public\RoseObj.h">
      <Filter>01.GameObject\07.MapObject\01.DynamicObj\07.RoseObj</Filter>
    </ClInclude>
    <ClInclude Include="..\public\StaticMapObject.h">
      <Filter>01.GameObject\07.MapObject\00.StaticObj</Filter>
    </ClInclude>
    <ClInclude Include="..\public\WireTerrain.h">
      <Filter>01.GameObject\06.Terrain</Filter>
    </ClInclude>
    <ClInclude Include="..\public\Bullet.h">
      <Filter>01.GameObject\08.Weapon\99.Bullet</Filter>
    </ClInclude>
    <ClInclude Include="..\public\NormalBullet.h">
      <Filter>01.GameObject\08.Weapon\99.Bullet\NormalBullet</Filter>
    </ClInclude>
    <ClInclude Include="..\public\GrenadeBullet.h">
      <Filter>01.GameObject\08.Weapon\99.Bullet\GrenadeBullet</Filter>
    </ClInclude>
    <ClInclude Include="..\public\Executor.h">
      <Filter>01.GameObject\03.Monster\05.Executor</Filter>
    </ClInclude>
    <ClInclude Include="..\public\Eyepot.h">
      <Filter>01.GameObject\03.Monster\04.Eyepot</Filter>
    </ClInclude>
    <ClInclude Include="..\public\WaspInk.h">
      <Filter>01.GameObject\03.Monster\03.WaspInk</Filter>
    </ClInclude>
    <ClInclude Include="..\public\WaspArrow.h">
      <Filter>01.GameObject\03.Monster\02.WaspArrow</Filter>
    </ClInclude>
    <ClInclude Include="..\public\Grunt.h">
      <Filter>01.GameObject\03.Monster\01.Grunt</Filter>
    </ClInclude>
    <ClInclude Include="..\public\RendererEditSceneUI.h">
      <Filter>01.GameObject\96.EditorSceneObj</Filter>
    </ClInclude>
    <ClInclude Include="..\public\GamePlayUI.h">
      <Filter>01.GameObject\99.UI\UsedUI\GamePlayUI</Filter>
    </ClInclude>
    <ClInclude Include="..\public\LoadingUI.h">
      <Filter>01.GameObject\99.UI\UsedUI\LoadingUI</Filter>
    </ClInclude>
    <ClInclude Include="..\public\Scene_Stage1.h">
      <Filter>02.Scene\03.Scene_Gameplay\Scene_Stage1</Filter>
    </ClInclude>
    <ClInclude Include="..\public\BreakableObj.h">
      <Filter>01.GameObject\07.MapObject\01.DynamicObj\05.BreakableObj</Filter>
    </ClInclude>
    <ClInclude Include="..\public\BreakablePiece.h">
      <Filter>01.GameObject\07.MapObject\01.DynamicObj\05.BreakableObj</Filter>
    </ClInclude>
    <ClInclude Include="..\public\ParticleObject.h">
      <Filter>01.GameObject\98.Particle</Filter>
    </ClInclude>
    <ClInclude Include="..\public\TornadoSwirl.h">
      <Filter>01.GameObject\00.Player\EffectMesh</Filter>
    </ClInclude>
    <ClInclude Include="..\public\LobyAlice.h">
      <Filter>02.Scene\00.Scene_Loby\LobyAlice</Filter>
    </ClInclude>
    <ClInclude Include="..\public\LobyUI.h">
      <Filter>01.GameObject\99.UI\UsedUI\LobyUI</Filter>
    </ClInclude>
    <ClInclude Include="..\public\Knife.h">
      <Filter>01.GameObject\08.Weapon\01.Knife</Filter>
    </ClInclude>
    <ClInclude Include="..\public\Horse.h">
      <Filter>01.GameObject\08.Weapon\05.Horse</Filter>
    </ClInclude>
    <ClInclude Include="..\public\Grinder.h">
      <Filter>01.GameObject\08.Weapon\03.PepperGrinder</Filter>
    </ClInclude>
    <ClInclude Include="..\public\Teapot.h">
      <Filter>01.GameObject\08.Weapon\04.Teapot</Filter>
    </ClInclude>
    <ClInclude Include="..\public\Umbrella.h">
      <Filter>01.GameObject\08.Weapon\06.Umbrella</Filter>
    </ClInclude>
    <ClInclude Include="..\public\ClockBomb.h">
      <Filter>01.GameObject\08.Weapon\02.ClockBomb</Filter>
    </ClInclude>
    <ClInclude Include="..\public\MonsterWeapon.h">
      <Filter>01.GameObject\03.Monster\99.MonsterWeapon</Filter>
    </ClInclude>
    <ClInclude Include="..\public\Scythe.h">
      <Filter>01.GameObject\03.Monster\99.MonsterWeapon\05.Executor\00.Executor_Scythe</Filter>
    </ClInclude>
    <ClInclude Include="..\public\DollMaker.h">
      <Filter>01.GameObject\03.Monster\06.DollMaker</Filter>
    </ClInclude>
    <ClInclude Include="..\public\Scene_Boss.h">
      <Filter>02.Scene\03.Scene_Gameplay\Scene_Boss</Filter>
    </ClInclude>
    <ClInclude Include="..\public\HandyBoy.h">
      <Filter>01.GameObject\03.Monster\06.DollMaker\06.Handy</Filter>
    </ClInclude>
    <ClInclude Include="..\public\HandyGirl.h">
      <Filter>01.GameObject\03.Monster\06.DollMaker\06.Handy</Filter>
    </ClInclude>
    <ClInclude Include="..\public\Scene_Stage3.h">
      <Filter>02.Scene\03.Scene_Gameplay\Scene_Stage3</Filter>
    </ClInclude>
    <ClInclude Include="..\public\Scene_Stage2.h">
      <Filter>02.Scene\03.Scene_Gameplay\Scene_Stage2</Filter>
    </ClInclude>
    <ClInclude Include="..\public\EscalatorPad.h">
      <Filter>01.GameObject\07.MapObject\01.DynamicObj\08.EscalatorPad</Filter>
    </ClInclude>
    <ClInclude Include="..\public\SlidePad.h">
      <Filter>01.GameObject\07.MapObject\01.DynamicObj\03.SlidePad</Filter>
    </ClInclude>
    <ClInclude Include="..\public\ButtonPad.h">
      <Filter>01.GameObject\07.MapObject\01.DynamicObj\09.ButtonPad</Filter>
    </ClInclude>
    <ClInclude Include="..\public\ShapeMemoryPad.h">
      <Filter>01.GameObject\07.MapObject\01.DynamicObj\12.ShapeMemoryPad</Filter>
    </ClInclude>
    <ClInclude Include="..\public\ShpaeMemButton.h">
      <Filter>01.GameObject\07.MapObject\01.DynamicObj\12.ShapeMemoryPad</Filter>
    </ClInclude>
    <ClInclude Include="..\public\PresserObj.h">
      <Filter>01.GameObject\07.MapObject\01.DynamicObj\11.PresserObj</Filter>
    </ClInclude>
    <ClInclude Include="..\public\ShrinkFlower.h">
      <Filter>01.GameObject\07.MapObject\01.DynamicObj\10.ShrinkFlower</Filter>
    </ClInclude>
    <ClInclude Include="..\public\VentObj.h">
      <Filter>01.GameObject\07.MapObject\01.DynamicObj\13.Vent</Filter>
    </ClInclude>
    <ClInclude Include="..\public\MovableColum.h">
      <Filter>01.GameObject\07.MapObject\01.DynamicObj\14.MovableColum</Filter>
    </ClInclude>
    <ClInclude Include="..\public\MovableColumBtn.h">
      <Filter>01.GameObject\07.MapObject\01.DynamicObj\15.MovableBtn</Filter>
    </ClInclude>
    <ClInclude Include="..\public\FadeEffect.h">
      <Filter>01.GameObject\97.Effect\ScreenEffect\Fade</Filter>
    </ClInclude>
    <ClInclude Include="..\public\SceneChageTriger.h">
      <Filter>01.GameObject\09.TriggerCollider\00.SceneChageTriger</Filter>
    </ClInclude>
    <ClInclude Include="..\public\Stage1_SpwanGrunt.h">
      <Filter>01.GameObject\09.TriggerCollider\01.Stage1_SpwanGrunt</Filter>
    </ClInclude>
    <ClInclude Include="..\public\Stage1_SpwanWasp.h">
      <Filter>01.GameObject\09.TriggerCollider\02.Stage1_SpwanWasp</Filter>
    </ClInclude>
    <ClInclude Include="..\public\Stage3_SpwanExecutor.h">
      <Filter>01.GameObject\09.TriggerCollider\04.Stage3_SpwanExecutor</Filter>
    </ClInclude>
    <ClInclude Include="..\public\CardPeice.h">
      <Filter>01.GameObject\03.Monster\99.MonsterWeapon\05.Executor\01.CardPiece</Filter>
    </ClInclude>
    <ClInclude Include="..\public\EntireCard.h">
      <Filter>01.GameObject\03.Monster\99.MonsterWeapon\05.Executor\01.CardPiece</Filter>
    </ClInclude>
    <ClInclude Include="..\public\BreakedGazebo.h">
      <Filter>01.GameObject\03.Monster\99.MonsterWeapon\05.Executor\02.BreakedGazbo</Filter>
    </ClInclude>
    <ClInclude Include="..\public\ExecutorThron.h">
      <Filter>01.GameObject\03.Monster\99.MonsterWeapon\05.Executor\03.Thron</Filter>
    </ClInclude>
    <ClInclude Include="..\public\DustWind.h">
      <Filter>01.GameObject\03.Monster\99.MonsterWeapon\06.DustWind</Filter>
    </ClInclude>
    <ClInclude Include="..\public\DustWindCurvedMove.h">
      <Filter>01.GameObject\03.Monster\99.MonsterWeapon\06.DustWind</Filter>
    </ClInclude>
    <ClInclude Include="..\public\ChainExplosion.h">
      <Filter>01.GameObject\03.Monster\99.MonsterWeapon\01.Grunt\01.ChainExplosion</Filter>
    </ClInclude>
    <ClInclude Include="..\public\ThrowOilBullet.h">
      <Filter>01.GameObject\03.Monster\99.MonsterWeapon\01.Grunt\00.ThrowOilBullet</Filter>
    </ClInclude>
    <ClInclude Include="..\public\Stage2_SpwanEyePot.h">
      <Filter>01.GameObject\09.TriggerCollider\03.Stage2_SpwanEyePot</Filter>
    </ClInclude>
    <ClInclude Include="..\public\Instance_Particle.h">
      <Filter>01.GameObject\98.Particle\99.Instance_Particle</Filter>
    </ClInclude>
    <ClInclude Include="..\public\Protein.h">
      <Filter>01.GameObject\08.Weapon\98.Etc</Filter>
    </ClInclude>
    <ClInclude Include="..\public\Stage3_GientTrigger.h">
      <Filter>01.GameObject\09.TriggerCollider\05.Stage3_GientTrigger</Filter>
    </ClInclude>
    <ClInclude Include="..\public\BreakableWall.h">
      <Filter>01.GameObject\07.MapObject\01.DynamicObj\16.BreakalbeWall</Filter>
    </ClInclude>
    <ClInclude Include="..\public\illusion.h">
      <Filter>01.GameObject\97.Effect\ScreenEffect\illusion</Filter>
    </ClInclude>
    <ClInclude Include="..\public\RadialBlur.h">
      <Filter>01.GameObject\97.Effect\ScreenEffect\Blur</Filter>
    </ClInclude>
    <ClInclude Include="..\public\RadialBlurUmbrella.h">
      <Filter>01.GameObject\97.Effect\ScreenEffect\Blur</Filter>
    </ClInclude>
    <ClInclude Include="..\public\CircleTornado.h">
      <Filter>01.GameObject\00.Player\EffectMesh</Filter>
    </ClInclude>
  </ItemGroup>
  <ItemGroup>
    <ClCompile Include="Client.cpp">
      <Filter>Defualt\00.Win32Frame</Filter>
    </ClCompile>
    <ClCompile Include="stdafx.cpp">
      <Filter>Defualt\02.Etc</Filter>
    </ClCompile>
    <ClCompile Include="..\private\Loader.cpp">
      <Filter>02.Scene</Filter>
    </ClCompile>
    <ClCompile Include="..\private\Camera_Main.cpp">
      <Filter>01.GameObject\01.Camera</Filter>
    </ClCompile>
    <ClCompile Include="..\private\Scene_Loading.cpp">
      <Filter>02.Scene\01.Scene_Loading</Filter>
    </ClCompile>
    <ClCompile Include="..\private\Scene_Loby.cpp">
      <Filter>02.Scene\00.Scene_Loby</Filter>
    </ClCompile>
    <ClCompile Include="..\private\Scene_StageSelect.cpp">
      <Filter>02.Scene\02.Scene_StageSelect</Filter>
    </ClCompile>
    <ClCompile Include="..\private\MainApp.cpp">
      <Filter>00.MainApp</Filter>
    </ClCompile>
    <ClCompile Include="..\private\ImguiMgr.cpp">
      <Filter>03.Manager\00.ImguiMgr</Filter>
    </ClCompile>
    <ClCompile Include="..\public\Imgui\imgui.cpp">
      <Filter>03.Manager\99.ImguiDefault</Filter>
    </ClCompile>
    <ClCompile Include="..\public\Imgui\imgui_demo.cpp">
      <Filter>03.Manager\99.ImguiDefault</Filter>
    </ClCompile>
    <ClCompile Include="..\public\Imgui\imgui_draw.cpp">
      <Filter>03.Manager\99.ImguiDefault</Filter>
    </ClCompile>
    <ClCompile Include="..\public\Imgui\imgui_impl_dx11.cpp">
      <Filter>03.Manager\99.ImguiDefault</Filter>
    </ClCompile>
    <ClCompile Include="..\public\Imgui\imgui_impl_win32.cpp">
      <Filter>03.Manager\99.ImguiDefault</Filter>
    </ClCompile>
    <ClCompile Include="..\public\Imgui\imgui_tables.cpp">
      <Filter>03.Manager\99.ImguiDefault</Filter>
    </ClCompile>
    <ClCompile Include="..\public\Imgui\imgui_widgets.cpp">
      <Filter>03.Manager\99.ImguiDefault</Filter>
    </ClCompile>
    <ClCompile Include="..\private\Scene_Edit.cpp">
      <Filter>02.Scene\99.Scene_Edit</Filter>
    </ClCompile>
    <ClCompile Include="..\private\Player.cpp">
      <Filter>01.GameObject\00.Player</Filter>
    </ClCompile>
    <ClCompile Include="..\private\UI.cpp">
      <Filter>01.GameObject\99.UI</Filter>
    </ClCompile>
    <ClCompile Include="..\private\UIImage.cpp">
      <Filter>01.GameObject\99.UI\UIImage</Filter>
    </ClCompile>
    <ClCompile Include="..\private\ESCursor.cpp">
      <Filter>01.GameObject\96.EditorSceneObj</Filter>
    </ClCompile>
    <ClCompile Include="..\private\SkyBox.cpp">
      <Filter>01.GameObject\05.SkyBox</Filter>
    </ClCompile>
    <ClCompile Include="..\private\Camera_Editor.cpp">
      <Filter>01.GameObject\01.Camera</Filter>
    </ClCompile>
    <ClCompile Include="..\private\Terrain.cpp">
      <Filter>01.GameObject\06.Terrain</Filter>
    </ClCompile>
    <ClCompile Include="..\private\UtilityMgr.cpp">
      <Filter>03.Manager\01.UtilityMgr</Filter>
    </ClCompile>
    <ClCompile Include="..\private\MapObject.cpp">
      <Filter>01.GameObject\07.MapObject</Filter>
    </ClCompile>
    <ClCompile Include="..\private\Weapon.cpp">
      <Filter>01.GameObject\08.Weapon</Filter>
    </ClCompile>
    <ClCompile Include="..\private\Monster.cpp">
      <Filter>01.GameObject\03.Monster</Filter>
    </ClCompile>
    <ClCompile Include="..\private\Npc.cpp">
      <Filter>01.GameObject\04.NPC</Filter>
    </ClCompile>
    <ClCompile Include="..\private\JumpPad.cpp">
      <Filter>01.GameObject\07.MapObject\01.DynamicObj\01.JumpPad</Filter>
    </ClCompile>
    <ClCompile Include="..\private\SteamPad.cpp">
      <Filter>01.GameObject\07.MapObject\01.DynamicObj\02.SteamPad</Filter>
    </ClCompile>
    <ClCompile Include="..\private\HiddenPad.cpp">
      <Filter>01.GameObject\07.MapObject\01.DynamicObj\04.HiddenPad</Filter>
    </ClCompile>
    <ClCompile Include="..\private\TeethObj.cpp">
      <Filter>01.GameObject\07.MapObject\01.DynamicObj\06.TeethObj</Filter>
    </ClCompile>
    <ClCompile Include="..\private\RoseObj.cpp">
      <Filter>01.GameObject\07.MapObject\01.DynamicObj\07.RoseObj</Filter>
    </ClCompile>
    <ClCompile Include="..\private\StaticMapObject.cpp">
      <Filter>01.GameObject\07.MapObject\00.StaticObj</Filter>
    </ClCompile>
    <ClCompile Include="..\private\WireTerrain.cpp">
      <Filter>01.GameObject\06.Terrain</Filter>
    </ClCompile>
    <ClCompile Include="..\private\Bullet.cpp">
      <Filter>01.GameObject\08.Weapon\99.Bullet</Filter>
    </ClCompile>
    <ClCompile Include="..\private\NormalBullet.cpp">
      <Filter>01.GameObject\08.Weapon\99.Bullet\NormalBullet</Filter>
    </ClCompile>
    <ClCompile Include="..\private\GrenadeBullet.cpp">
      <Filter>01.GameObject\08.Weapon\99.Bullet\GrenadeBullet</Filter>
    </ClCompile>
    <ClCompile Include="..\private\Executor.cpp">
      <Filter>01.GameObject\03.Monster\05.Executor</Filter>
    </ClCompile>
    <ClCompile Include="..\private\Eyepot.cpp">
      <Filter>01.GameObject\03.Monster\04.Eyepot</Filter>
    </ClCompile>
    <ClCompile Include="..\private\WaspInk.cpp">
      <Filter>01.GameObject\03.Monster\03.WaspInk</Filter>
    </ClCompile>
    <ClCompile Include="..\private\WaspArrow.cpp">
      <Filter>01.GameObject\03.Monster\02.WaspArrow</Filter>
    </ClCompile>
    <ClCompile Include="..\private\Grunt.cpp">
      <Filter>01.GameObject\03.Monster\01.Grunt</Filter>
    </ClCompile>
    <ClCompile Include="..\private\RendererEditSceneUI.cpp">
      <Filter>01.GameObject\96.EditorSceneObj</Filter>
    </ClCompile>
    <ClCompile Include="..\private\GamePlayUI.cpp">
      <Filter>01.GameObject\99.UI\UsedUI\GamePlayUI</Filter>
    </ClCompile>
    <ClCompile Include="..\private\LoadingUI.cpp">
      <Filter>01.GameObject\99.UI\UsedUI\LoadingUI</Filter>
    </ClCompile>
    <ClCompile Include="..\private\Scene_Stage1.cpp">
      <Filter>02.Scene\03.Scene_Gameplay\Scene_Stage1</Filter>
    </ClCompile>
    <ClCompile Include="..\private\BreakableObj.cpp">
      <Filter>01.GameObject\07.MapObject\01.DynamicObj\05.BreakableObj</Filter>
    </ClCompile>
    <ClCompile Include="..\private\BreakablePiece.cpp">
      <Filter>01.GameObject\07.MapObject\01.DynamicObj\05.BreakableObj</Filter>
    </ClCompile>
    <ClCompile Include="..\private\ParticleObject.cpp">
      <Filter>01.GameObject\98.Particle</Filter>
    </ClCompile>
    <ClCompile Include="..\private\TornadoSwirl.cpp">
      <Filter>01.GameObject\00.Player\EffectMesh</Filter>
    </ClCompile>
    <ClCompile Include="..\private\LobyAlice.cpp">
      <Filter>02.Scene\00.Scene_Loby\LobyAlice</Filter>
    </ClCompile>
    <ClCompile Include="..\private\LobyUI.cpp">
      <Filter>01.GameObject\99.UI\UsedUI\LobyUI</Filter>
    </ClCompile>
    <ClCompile Include="..\private\Knife.cpp">
      <Filter>01.GameObject\08.Weapon\01.Knife</Filter>
    </ClCompile>
    <ClCompile Include="..\private\Horse.cpp">
      <Filter>01.GameObject\08.Weapon\05.Horse</Filter>
    </ClCompile>
    <ClCompile Include="..\private\Grinder.cpp">
      <Filter>01.GameObject\08.Weapon\03.PepperGrinder</Filter>
    </ClCompile>
    <ClCompile Include="..\private\Teapot.cpp">
      <Filter>01.GameObject\08.Weapon\04.Teapot</Filter>
    </ClCompile>
    <ClCompile Include="..\private\Umbrella.cpp">
      <Filter>01.GameObject\08.Weapon\06.Umbrella</Filter>
    </ClCompile>
    <ClCompile Include="..\private\ClockBomb.cpp">
      <Filter>01.GameObject\08.Weapon\02.ClockBomb</Filter>
    </ClCompile>
    <ClCompile Include="..\private\MonsterWeapon.cpp">
      <Filter>01.GameObject\03.Monster\99.MonsterWeapon</Filter>
    </ClCompile>
    <ClCompile Include="..\private\Scythe.cpp">
      <Filter>01.GameObject\03.Monster\99.MonsterWeapon\05.Executor\00.Executor_Scythe</Filter>
    </ClCompile>
    <ClCompile Include="..\private\DollMaker.cpp">
      <Filter>01.GameObject\03.Monster\06.DollMaker</Filter>
    </ClCompile>
    <ClCompile Include="..\private\Scene_Boss.cpp">
      <Filter>02.Scene\03.Scene_Gameplay\Scene_Boss</Filter>
    </ClCompile>
    <ClCompile Include="..\private\HandyBoy.cpp">
      <Filter>01.GameObject\03.Monster\06.DollMaker\06.Handy</Filter>
    </ClCompile>
    <ClCompile Include="..\private\HandyGirl.cpp">
      <Filter>01.GameObject\03.Monster\06.DollMaker\06.Handy</Filter>
    </ClCompile>
    <ClCompile Include="..\private\Scene_Stage3.cpp">
      <Filter>02.Scene\03.Scene_Gameplay\Scene_Stage3</Filter>
    </ClCompile>
    <ClCompile Include="..\private\Scene_Stage2.cpp">
      <Filter>02.Scene\03.Scene_Gameplay\Scene_Stage2</Filter>
    </ClCompile>
    <ClCompile Include="..\private\EscalatorPad.cpp">
      <Filter>01.GameObject\07.MapObject\01.DynamicObj\08.EscalatorPad</Filter>
    </ClCompile>
    <ClCompile Include="..\private\SlidePad.cpp">
      <Filter>01.GameObject\07.MapObject\01.DynamicObj\03.SlidePad</Filter>
    </ClCompile>
    <ClCompile Include="..\private\ButtonPad.cpp">
      <Filter>01.GameObject\07.MapObject\01.DynamicObj\09.ButtonPad</Filter>
    </ClCompile>
    <ClCompile Include="..\private\ShapeMemoryPad.cpp">
      <Filter>01.GameObject\07.MapObject\01.DynamicObj\12.ShapeMemoryPad</Filter>
    </ClCompile>
    <ClCompile Include="..\private\ShpaeMemButton.cpp">
      <Filter>01.GameObject\07.MapObject\01.DynamicObj\12.ShapeMemoryPad</Filter>
    </ClCompile>
    <ClCompile Include="..\private\PresserObj.cpp">
      <Filter>01.GameObject\07.MapObject\01.DynamicObj\11.PresserObj</Filter>
    </ClCompile>
    <ClCompile Include="..\private\ShrinkFlower.cpp">
      <Filter>01.GameObject\07.MapObject\01.DynamicObj\10.ShrinkFlower</Filter>
    </ClCompile>
    <ClCompile Include="..\private\VentObj.cpp">
      <Filter>01.GameObject\07.MapObject\01.DynamicObj\13.Vent</Filter>
    </ClCompile>
    <ClCompile Include="..\private\MovableColum.cpp">
      <Filter>01.GameObject\07.MapObject\01.DynamicObj\14.MovableColum</Filter>
    </ClCompile>
    <ClCompile Include="..\private\MovableColumBtn.cpp">
      <Filter>01.GameObject\07.MapObject\01.DynamicObj\15.MovableBtn</Filter>
    </ClCompile>
    <ClCompile Include="..\private\FadeEffect.cpp">
      <Filter>01.GameObject\97.Effect\ScreenEffect\Fade</Filter>
    </ClCompile>
    <ClCompile Include="..\private\SceneChageTriger.cpp">
      <Filter>01.GameObject\09.TriggerCollider\00.SceneChageTriger</Filter>
    </ClCompile>
    <ClCompile Include="..\private\Stage1_SpwanGrunt.cpp">
      <Filter>01.GameObject\09.TriggerCollider\01.Stage1_SpwanGrunt</Filter>
    </ClCompile>
    <ClCompile Include="..\private\Stage1_SpwanWasp.cpp">
      <Filter>01.GameObject\09.TriggerCollider\02.Stage1_SpwanWasp</Filter>
    </ClCompile>
    <ClCompile Include="..\private\Stage3_SpwanExecutor.cpp">
      <Filter>01.GameObject\09.TriggerCollider\04.Stage3_SpwanExecutor</Filter>
    </ClCompile>
    <ClCompile Include="..\private\CardPeice.cpp">
      <Filter>01.GameObject\03.Monster\99.MonsterWeapon\05.Executor\01.CardPiece</Filter>
    </ClCompile>
    <ClCompile Include="..\private\EntireCard.cpp">
      <Filter>01.GameObject\03.Monster\99.MonsterWeapon\05.Executor\01.CardPiece</Filter>
    </ClCompile>
    <ClCompile Include="..\private\BreakedGazebo.cpp">
      <Filter>01.GameObject\03.Monster\99.MonsterWeapon\05.Executor\02.BreakedGazbo</Filter>
    </ClCompile>
    <ClCompile Include="..\private\ExecutorThron.cpp">
      <Filter>01.GameObject\03.Monster\99.MonsterWeapon\05.Executor\03.Thron</Filter>
    </ClCompile>
    <ClCompile Include="..\private\DustWind.cpp">
      <Filter>01.GameObject\03.Monster\99.MonsterWeapon\06.DustWind</Filter>
    </ClCompile>
    <ClCompile Include="..\private\DustWindCurvedMove.cpp">
      <Filter>01.GameObject\03.Monster\99.MonsterWeapon\06.DustWind</Filter>
    </ClCompile>
    <ClCompile Include="..\private\ChainExplosion.cpp">
      <Filter>01.GameObject\03.Monster\99.MonsterWeapon\01.Grunt\01.ChainExplosion</Filter>
    </ClCompile>
    <ClCompile Include="..\private\ThrowOilBullet.cpp">
      <Filter>01.GameObject\03.Monster\99.MonsterWeapon\01.Grunt\00.ThrowOilBullet</Filter>
    </ClCompile>
    <ClCompile Include="..\private\Stage2_SpwanEyePot.cpp">
      <Filter>01.GameObject\09.TriggerCollider\03.Stage2_SpwanEyePot</Filter>
    </ClCompile>
    <ClCompile Include="..\private\Instance_Particle.cpp">
      <Filter>01.GameObject\98.Particle\99.Instance_Particle</Filter>
    </ClCompile>
    <ClCompile Include="..\private\Protein.cpp">
      <Filter>01.GameObject\08.Weapon\98.Etc</Filter>
    </ClCompile>
    <ClCompile Include="..\private\Stage3_GientTrigger.cpp">
      <Filter>01.GameObject\09.TriggerCollider\05.Stage3_GientTrigger</Filter>
    </ClCompile>
    <ClCompile Include="..\private\BreakableWall.cpp">
      <Filter>01.GameObject\07.MapObject\01.DynamicObj\16.BreakalbeWall</Filter>
    </ClCompile>
    <ClCompile Include="..\private\illusion.cpp">
      <Filter>01.GameObject\97.Effect\ScreenEffect\illusion</Filter>
    </ClCompile>
    <ClCompile Include="..\private\RadialBlur.cpp">
      <Filter>01.GameObject\97.Effect\ScreenEffect\Blur</Filter>
    </ClCompile>
    <ClCompile Include="..\private\RadialBlurUmbrella.cpp">
      <Filter>01.GameObject\97.Effect\ScreenEffect\Blur</Filter>
    </ClCompile>
    <ClCompile Include="..\private\CircleTornado.cpp">
      <Filter>01.GameObject\00.Player\EffectMesh</Filter>
    </ClCompile>
  </ItemGroup>
  <ItemGroup>
    <Image Include="Client.ico">
      <Filter>Defualt\01.Resource</Filter>
    </Image>
    <Image Include="small.ico">
      <Filter>Defualt\01.Resource</Filter>
    </Image>
  </ItemGroup>
  <ItemGroup>
    <ResourceCompile Include="Client.rc">
      <Filter>Defualt\01.Resource</Filter>
    </ResourceCompile>
  </ItemGroup>
  <ItemGroup>
    <Text Include="ReadMe.txt">
      <Filter>Defualt\02.Etc</Filter>
    </Text>
  </ItemGroup>
  <ItemGroup>
    <Natvis Include="..\public\Imgui\imgui.natvis">
      <Filter>03.Manager\99.ImguiDefault</Filter>
    </Natvis>
  </ItemGroup>
  <ItemGroup>
    <FxCompile Include="..\bin\ShaderFiles\Shader_VtxTex.hlsl">
      <Filter>04.Shader</Filter>
    </FxCompile>
    <FxCompile Include="..\bin\ShaderFiles\Shader_VtxCubeTex.hlsl">
      <Filter>04.Shader</Filter>
    </FxCompile>
    <FxCompile Include="..\bin\ShaderFiles\Shader_VtxNorTex.hlsl">
      <Filter>04.Shader</Filter>
    </FxCompile>
    <FxCompile Include="..\bin\ShaderFiles\Shader_NonAnimModel.hlsl">
      <Filter>04.Shader</Filter>
    </FxCompile>
    <FxCompile Include="..\bin\ShaderFiles\Shader_AnimModel.hlsl">
      <Filter>04.Shader</Filter>
    </FxCompile>
    <FxCompile Include="..\bin\ShaderFiles\Shader_VtxPointInstance.hlsl">
      <Filter>04.Shader</Filter>
    </FxCompile>
  </ItemGroup>
</Project>