<?xml version="1.0" encoding="utf-8"?>
<Project ToolsVersion="4.0" xmlns="http://schemas.microsoft.com/developer/msbuild/2003">
  <ItemGroup>
    <Filter Include="Defualt">
      <UniqueIdentifier>{e7156619-cad2-4907-b502-1d1c22817347}</UniqueIdentifier>
    </Filter>
    <Filter Include="Defualt\00.Win32Frame">
      <UniqueIdentifier>{5c7bab4b-2b9f-4139-aaf5-876563fb76d6}</UniqueIdentifier>
    </Filter>
    <Filter Include="Defualt\01.Resource">
      <UniqueIdentifier>{cc18a8c6-5aae-41d9-9dd0-d61f309badcd}</UniqueIdentifier>
    </Filter>
    <Filter Include="Defualt\02.Etc">
      <UniqueIdentifier>{52d18270-3c81-43e1-b808-48e60e8ac357}</UniqueIdentifier>
    </Filter>
    <Filter Include="00.MainApp">
      <UniqueIdentifier>{0ccab6bc-d019-4f6a-bc24-2e51ddbb49c5}</UniqueIdentifier>
    </Filter>
    <Filter Include="01.GameObject">
      <UniqueIdentifier>{c8084e21-6e42-4756-bc55-0f79fcd51637}</UniqueIdentifier>
    </Filter>
    <Filter Include="02.Scene">
      <UniqueIdentifier>{9a2c5b51-8549-45fb-806c-ff4b44a6a156}</UniqueIdentifier>
    </Filter>
    <Filter Include="03.Manager">
      <UniqueIdentifier>{fd19786c-916a-4a67-94d9-8b6441c018ab}</UniqueIdentifier>
    </Filter>
    <Filter Include="99.Define">
      <UniqueIdentifier>{1ee0750c-8ecd-4398-bb1b-0d397435881c}</UniqueIdentifier>
    </Filter>
    <Filter Include="04.Shader">
      <UniqueIdentifier>{30453a1d-d790-418b-a46d-3d663ffac8a3}</UniqueIdentifier>
    </Filter>
    <Filter Include="02.Scene\00.Scene_Loby">
      <UniqueIdentifier>{7b131272-88f9-4afd-bdd2-382caad94551}</UniqueIdentifier>
    </Filter>
    <Filter Include="02.Scene\01.Scene_Loading">
      <UniqueIdentifier>{6ad055e1-8e5f-4a43-91a9-26ce892987d1}</UniqueIdentifier>
    </Filter>
    <Filter Include="01.GameObject\01.Camera">
      <UniqueIdentifier>{d09064ee-34a7-42b6-b363-e8d2bf134f17}</UniqueIdentifier>
    </Filter>
    <Filter Include="01.GameObject\02.GroundObject">
      <UniqueIdentifier>{4234320f-adb5-41c4-a71e-d2160e5f2c5d}</UniqueIdentifier>
    </Filter>
    <Filter Include="01.GameObject\03.Enemy">
      <UniqueIdentifier>{82b6eeb9-b6bd-402b-aee4-71e95a28309b}</UniqueIdentifier>
    </Filter>
    <Filter Include="01.GameObject\04.NPC">
      <UniqueIdentifier>{b5844b96-6a34-4bae-8369-2bc7f90fceea}</UniqueIdentifier>
    </Filter>
    <Filter Include="01.GameObject\00.Player">
      <UniqueIdentifier>{fe57c843-b3ec-44e6-94f4-b3ddf1c4e08d}</UniqueIdentifier>
    </Filter>
    <Filter Include="01.GameObject\97.Effect">
      <UniqueIdentifier>{83f6410d-f1b9-4c63-8879-97974cc0472b}</UniqueIdentifier>
    </Filter>
    <Filter Include="01.GameObject\98.Particle">
      <UniqueIdentifier>{cfe067af-132a-4c87-8f94-4ef11e40a36a}</UniqueIdentifier>
    </Filter>
    <Filter Include="01.GameObject\99.UI">
      <UniqueIdentifier>{a01e9795-e673-41db-821f-03fe4d08e81c}</UniqueIdentifier>
    </Filter>
    <Filter Include="02.Scene\03.Scene_Gameplay">
      <UniqueIdentifier>{6c098263-0780-437e-aab4-7b46404ad0c3}</UniqueIdentifier>
    </Filter>
    <Filter Include="02.Scene\03.Scene_Gameplay\Scene_Stage1">
      <UniqueIdentifier>{35e6df60-beb8-4ad4-9ce1-66b4579a3c8f}</UniqueIdentifier>
    </Filter>
    <Filter Include="02.Scene\03.Scene_Gameplay\Scene_Stage2">
      <UniqueIdentifier>{8fb49357-b233-4b49-b7fe-bb5283fd5dbd}</UniqueIdentifier>
    </Filter>
    <Filter Include="02.Scene\03.Scene_Gameplay\Scene_Stage3">
      <UniqueIdentifier>{47af3df8-c050-4cb8-a98f-61ab8b1e0757}</UniqueIdentifier>
    </Filter>
    <Filter Include="02.Scene\02.Scene_StageSelect">
      <UniqueIdentifier>{145c5e13-96c0-44f7-9b0c-4e9a3c0d8ed2}</UniqueIdentifier>
    </Filter>
    <Filter Include="03.Manager\00.ImguiMgr">
      <UniqueIdentifier>{29328987-fc74-40a6-9e9f-099c4bed12c8}</UniqueIdentifier>
    </Filter>
  </ItemGroup>
  <ItemGroup>
    <ClInclude Include="Client.h">
      <Filter>Defualt\00.Win32Frame</Filter>
    </ClInclude>
    <ClInclude Include="Resource.h">
      <Filter>Defualt\01.Resource</Filter>
    </ClInclude>
    <ClInclude Include="stdafx.h">
      <Filter>Defualt\02.Etc</Filter>
    </ClInclude>
    <ClInclude Include="targetver.h">
      <Filter>Defualt\02.Etc</Filter>
    </ClInclude>
    <ClInclude Include="..\public\Client_Define.h">
      <Filter>99.Define</Filter>
    </ClInclude>
    <ClInclude Include="..\public\Client_Enum.h">
      <Filter>99.Define</Filter>
    </ClInclude>
    <ClInclude Include="..\public\Client_Struct.h">
      <Filter>99.Define</Filter>
    </ClInclude>
    <ClInclude Include="..\public\Loader.h">
      <Filter>02.Scene</Filter>
    </ClInclude>
    <ClInclude Include="..\public\Camera_Main.h">
      <Filter>01.GameObject\01.Camera</Filter>
    </ClInclude>
    <ClInclude Include="..\public\Scene_Loading.h">
      <Filter>02.Scene\01.Scene_Loading</Filter>
    </ClInclude>
    <ClInclude Include="..\public\Scene_Loby.h">
      <Filter>02.Scene\00.Scene_Loby</Filter>
    </ClInclude>
    <ClInclude Include="..\public\Scene_StageSelect.h">
      <Filter>02.Scene\02.Scene_StageSelect</Filter>
    </ClInclude>
    <ClInclude Include="..\public\MainApp.h">
      <Filter>00.MainApp</Filter>
    </ClInclude>
    <ClInclude Include="..\public\ImguiMgr.h">
      <Filter>03.Manager\00.ImguiMgr</Filter>
    </ClInclude>
  </ItemGroup>
  <ItemGroup>
    <ClCompile Include="Client.cpp">
      <Filter>Defualt\00.Win32Frame</Filter>
    </ClCompile>
    <ClCompile Include="stdafx.cpp">
      <Filter>Defualt\02.Etc</Filter>
    </ClCompile>
    <ClCompile Include="..\private\Loader.cpp">
      <Filter>02.Scene</Filter>
    </ClCompile>
    <ClCompile Include="..\private\Camera_Main.cpp">
      <Filter>01.GameObject\01.Camera</Filter>
    </ClCompile>
    <ClCompile Include="..\private\Scene_Loading.cpp">
      <Filter>02.Scene\01.Scene_Loading</Filter>
    </ClCompile>
    <ClCompile Include="..\private\Scene_Loby.cpp">
      <Filter>02.Scene\00.Scene_Loby</Filter>
    </ClCompile>
    <ClCompile Include="..\private\Scene_StageSelect.cpp">
      <Filter>02.Scene\02.Scene_StageSelect</Filter>
    </ClCompile>
    <ClCompile Include="..\private\MainApp.cpp">
      <Filter>00.MainApp</Filter>
    </ClCompile>
    <ClCompile Include="..\private\ImguiMgr.cpp">
      <Filter>03.Manager\00.ImguiMgr</Filter>
    </ClCompile>
  </ItemGroup>
  <ItemGroup>
    <Image Include="Client.ico">
      <Filter>Defualt\01.Resource</Filter>
    </Image>
    <Image Include="small.ico">
      <Filter>Defualt\01.Resource</Filter>
    </Image>
  </ItemGroup>
  <ItemGroup>
    <ResourceCompile Include="Client.rc">
      <Filter>Defualt\01.Resource</Filter>
    </ResourceCompile>
  </ItemGroup>
  <ItemGroup>
    <Text Include="ReadMe.txt">
      <Filter>Defualt\02.Etc</Filter>
    </Text>
  </ItemGroup>
</Project>